
Microsoft Visual Studio Solution File, Format Version 12.00
# Visual Studio Version 16
VisualStudioVersion = 16.0.29911.84
MinimumVisualStudioVersion = 10.0.40219.1
Project("{FAE04EC0-301F-11D3-BF4B-00C04F79EFBC}") = "TicTacToe", "TicTacToe\TicTacToe.csproj", "{E4B550C8-798A-41AD-9DC0-FC15BD83CC0B}"
EndProject
Global
	GlobalSection(SolutionConfigurationPlatforms) = preSolution
		Debug|Any CPU = Debug|Any CPU
		Release|Any CPU = Release|Any CPU
	EndGlobalSection
	GlobalSection(ProjectConfigurationPlatforms) = postSolution
		{E4B550C8-798A-41AD-9DC0-FC15BD83CC0B}.Debug|Any CPU.ActiveCfg = Debug|Any CPU
		{E4B550C8-798A-41AD-9DC0-FC15BD83CC0B}.Debug|Any CPU.Build.0 = Debug|Any CPU
		{E4B550C8-798A-41AD-9DC0-FC15BD83CC0B}.Release|Any CPU.ActiveCfg = Release|Any CPU
		{E4B550C8-798A-41AD-9DC0-FC15BD83CC0B}.Release|Any CPU.Build.0 = Release|Any CPU
	EndGlobalSection
	GlobalSection(SolutionProperties) = preSolution
		HideSolutionNode = FALSE
	EndGlobalSection
	GlobalSection(ExtensibilityGlobals) = postSolution
		SolutionGuid = {65AB3AC0-2D3E-47FC-85C7-8AE2ED9E5889}
	EndGlobalSection
EndGlobal
